
Microsoft Visual Studio Solution File, Format Version 12.00
# Visual Studio Version 16
VisualStudioVersion = 16.0.31025.194
MinimumVisualStudioVersion = 10.0.40219.1
Project("{FAE04EC0-301F-11D3-BF4B-00C04F79EFBC}") = "WinFormPSI", "WinFormPSI\WinFormPSI.csproj", "{50AEFD4D-2285-484A-B1B4-7C0A090FC9FE}"
EndProject
Global
	GlobalSection(SolutionConfigurationPlatforms) = preSolution
		Debug|Any CPU = Debug|Any CPU
		Release|Any CPU = Release|Any CPU
	EndGlobalSection
	GlobalSection(ProjectConfigurationPlatforms) = postSolution
		{50AEFD4D-2285-484A-B1B4-7C0A090FC9FE}.Debug|Any CPU.ActiveCfg = Debug|Any CPU
		{50AEFD4D-2285-484A-B1B4-7C0A090FC9FE}.Debug|Any CPU.Build.0 = Debug|Any CPU
		{50AEFD4D-2285-484A-B1B4-7C0A090FC9FE}.Release|Any CPU.ActiveCfg = Release|Any CPU
		{50AEFD4D-2285-484A-B1B4-7C0A090FC9FE}.Release|Any CPU.Build.0 = Release|Any CPU
	EndGlobalSection
	GlobalSection(SolutionProperties) = preSolution
		HideSolutionNode = FALSE
	EndGlobalSection
	GlobalSection(ExtensibilityGlobals) = postSolution
		SolutionGuid = {D348BE07-FAEE-4A7E-8E0F-1D60C61E03C6}
	EndGlobalSection
EndGlobal
